// !$*UTF8*$!
{
	archiveVersion = 1;
	classes = {
	};
	objectVersion = 51;
	objects = {

/* Begin PBXBuildFile section */
		47E351DB44AA18F5FF2013AD /* Pods_FirebaseTutorialTests.framework in Frameworks */ = {isa = PBXBuildFile; fileRef = F6ECD317D66FD4C7F1256601 /* Pods_FirebaseTutorialTests.framework */; };
		840DC02F249E66C20077585A /* AppDelegate.swift in Sources */ = {isa = PBXBuildFile; fileRef = 840DC02E249E66C20077585A /* AppDelegate.swift */; };
		840DC038249E66CA0077585A /* Assets.xcassets in Resources */ = {isa = PBXBuildFile; fileRef = 840DC037249E66CA0077585A /* Assets.xcassets */; };
		840DC03B249E66CA0077585A /* LaunchScreen.storyboard in Resources */ = {isa = PBXBuildFile; fileRef = 840DC039249E66CA0077585A /* LaunchScreen.storyboard */; };
		840DC046249E66CA0077585A /* FirebaseTutorialTests.swift in Sources */ = {isa = PBXBuildFile; fileRef = 840DC045249E66CA0077585A /* FirebaseTutorialTests.swift */; };
		840DC051249E66CA0077585A /* FirebaseTutorialUITests.swift in Sources */ = {isa = PBXBuildFile; fileRef = 840DC050249E66CA0077585A /* FirebaseTutorialUITests.swift */; };
		840DC05F249E77100077585A /* GoogleService-Info.plist in Resources */ = {isa = PBXBuildFile; fileRef = 840DC05E249E77100077585A /* GoogleService-Info.plist */; };
		846EC6C3249FBE9900FCC771 /* FTLoginScreenVC.swift in Sources */ = {isa = PBXBuildFile; fileRef = 846EC6C2249FBE9900FCC771 /* FTLoginScreenVC.swift */; };
		846EC6C5249FBEAD00FCC771 /* FTSignUpScreenVC.swift in Sources */ = {isa = PBXBuildFile; fileRef = 846EC6C4249FBEAD00FCC771 /* FTSignUpScreenVC.swift */; };
		846EC6C7249FBEBE00FCC771 /* FTLandingScreenVC.swift in Sources */ = {isa = PBXBuildFile; fileRef = 846EC6C6249FBEBE00FCC771 /* FTLandingScreenVC.swift */; };
		846EC6CD249FBF8500FCC771 /* FTButton.swift in Sources */ = {isa = PBXBuildFile; fileRef = 846EC6CC249FBF8500FCC771 /* FTButton.swift */; };
		846EC6CF249FBF9E00FCC771 /* FTTextField.swift in Sources */ = {isa = PBXBuildFile; fileRef = 846EC6CE249FBF9E00FCC771 /* FTTextField.swift */; };
		846EC6D224A0B6AB00FCC771 /* UIColor+Ex.swift in Sources */ = {isa = PBXBuildFile; fileRef = 846EC6D124A0B6AB00FCC771 /* UIColor+Ex.swift */; };
		846EC6D424A0BBBE00FCC771 /* UIViewController+Ex.swift in Sources */ = {isa = PBXBuildFile; fileRef = 846EC6D324A0BBBE00FCC771 /* UIViewController+Ex.swift */; };
		846EC6D624A1037700FCC771 /* UIImage+Ex.swift in Sources */ = {isa = PBXBuildFile; fileRef = 846EC6D524A1037700FCC771 /* UIImage+Ex.swift */; };
		846EC6D824A1072200FCC771 /* FTTitleLabel.swift in Sources */ = {isa = PBXBuildFile; fileRef = 846EC6D724A1072200FCC771 /* FTTitleLabel.swift */; };
		846EC6DA24A241C700FCC771 /* FirebaseManager.swift in Sources */ = {isa = PBXBuildFile; fileRef = 846EC6D924A241C700FCC771 /* FirebaseManager.swift */; };
		9A0937D59318548DEEFE5800 /* Pods_FirebaseTutorial.framework in Frameworks */ = {isa = PBXBuildFile; fileRef = 090BE69D1B70D8D76189EB2A /* Pods_FirebaseTutorial.framework */; };
		9EAD4E9EB865A71A7F1F34AC /* Pods_FirebaseTutorial_FirebaseTutorialUITests.framework in Frameworks */ = {isa = PBXBuildFile; fileRef = FDCBC07EA580839797C2F24C /* Pods_FirebaseTutorial_FirebaseTutorialUITests.framework */; };
/* End PBXBuildFile section */

/* Begin PBXContainerItemProxy section */
		840DC042249E66CA0077585A /* PBXContainerItemProxy */ = {
			isa = PBXContainerItemProxy;
			containerPortal = 840DC023249E66C20077585A /* Project object */;
			proxyType = 1;
			remoteGlobalIDString = 840DC02A249E66C20077585A;
			remoteInfo = FirebaseTutorial;
		};
		840DC04D249E66CA0077585A /* PBXContainerItemProxy */ = {
			isa = PBXContainerItemProxy;
			containerPortal = 840DC023249E66C20077585A /* Project object */;
			proxyType = 1;
			remoteGlobalIDString = 840DC02A249E66C20077585A;
			remoteInfo = FirebaseTutorial;
		};
/* End PBXContainerItemProxy section */

/* Begin PBXFileReference section */
		090BE69D1B70D8D76189EB2A /* Pods_FirebaseTutorial.framework */ = {isa = PBXFileReference; explicitFileType = wrapper.framework; includeInIndex = 0; path = Pods_FirebaseTutorial.framework; sourceTree = BUILT_PRODUCTS_DIR; };
		5B32A61BEBFC05C16315CD2F /* Pods-FirebaseTutorial.debug.xcconfig */ = {isa = PBXFileReference; includeInIndex = 1; lastKnownFileType = text.xcconfig; name = "Pods-FirebaseTutorial.debug.xcconfig"; path = "Target Support Files/Pods-FirebaseTutorial/Pods-FirebaseTutorial.debug.xcconfig"; sourceTree = "<group>"; };
		840DC02B249E66C20077585A /* FirebaseTutorial.app */ = {isa = PBXFileReference; explicitFileType = wrapper.application; includeInIndex = 0; path = FirebaseTutorial.app; sourceTree = BUILT_PRODUCTS_DIR; };
		840DC02E249E66C20077585A /* AppDelegate.swift */ = {isa = PBXFileReference; lastKnownFileType = sourcecode.swift; path = AppDelegate.swift; sourceTree = "<group>"; };
		840DC037249E66CA0077585A /* Assets.xcassets */ = {isa = PBXFileReference; lastKnownFileType = folder.assetcatalog; path = Assets.xcassets; sourceTree = "<group>"; };
		840DC03A249E66CA0077585A /* Base */ = {isa = PBXFileReference; lastKnownFileType = file.storyboard; name = Base; path = Base.lproj/LaunchScreen.storyboard; sourceTree = "<group>"; };
		840DC03C249E66CA0077585A /* Info.plist */ = {isa = PBXFileReference; lastKnownFileType = text.plist.xml; path = Info.plist; sourceTree = "<group>"; };
		840DC041249E66CA0077585A /* FirebaseTutorialTests.xctest */ = {isa = PBXFileReference; explicitFileType = wrapper.cfbundle; includeInIndex = 0; path = FirebaseTutorialTests.xctest; sourceTree = BUILT_PRODUCTS_DIR; };
		840DC045249E66CA0077585A /* FirebaseTutorialTests.swift */ = {isa = PBXFileReference; lastKnownFileType = sourcecode.swift; path = FirebaseTutorialTests.swift; sourceTree = "<group>"; };
		840DC047249E66CA0077585A /* Info.plist */ = {isa = PBXFileReference; lastKnownFileType = text.plist.xml; path = Info.plist; sourceTree = "<group>"; };
		840DC04C249E66CA0077585A /* FirebaseTutorialUITests.xctest */ = {isa = PBXFileReference; explicitFileType = wrapper.cfbundle; includeInIndex = 0; path = FirebaseTutorialUITests.xctest; sourceTree = BUILT_PRODUCTS_DIR; };
		840DC050249E66CA0077585A /* FirebaseTutorialUITests.swift */ = {isa = PBXFileReference; lastKnownFileType = sourcecode.swift; path = FirebaseTutorialUITests.swift; sourceTree = "<group>"; };
		840DC052249E66CA0077585A /* Info.plist */ = {isa = PBXFileReference; lastKnownFileType = text.plist.xml; path = Info.plist; sourceTree = "<group>"; };
		840DC05E249E77100077585A /* GoogleService-Info.plist */ = {isa = PBXFileReference; fileEncoding = 4; lastKnownFileType = text.plist.xml; name = "GoogleService-Info.plist"; path = "../../../Library/Containers/com.apple.mail/Data/Library/Mail Downloads/D6A671EF-996C-4146-BB4D-32BBAC892DDC/GoogleService-Info.plist"; sourceTree = "<group>"; };
		846EC6C2249FBE9900FCC771 /* FTLoginScreenVC.swift */ = {isa = PBXFileReference; lastKnownFileType = sourcecode.swift; path = FTLoginScreenVC.swift; sourceTree = "<group>"; };
		846EC6C4249FBEAD00FCC771 /* FTSignUpScreenVC.swift */ = {isa = PBXFileReference; lastKnownFileType = sourcecode.swift; path = FTSignUpScreenVC.swift; sourceTree = "<group>"; };
		846EC6C6249FBEBE00FCC771 /* FTLandingScreenVC.swift */ = {isa = PBXFileReference; lastKnownFileType = sourcecode.swift; path = FTLandingScreenVC.swift; sourceTree = "<group>"; };
		846EC6CC249FBF8500FCC771 /* FTButton.swift */ = {isa = PBXFileReference; lastKnownFileType = sourcecode.swift; path = FTButton.swift; sourceTree = "<group>"; };
		846EC6CE249FBF9E00FCC771 /* FTTextField.swift */ = {isa = PBXFileReference; lastKnownFileType = sourcecode.swift; path = FTTextField.swift; sourceTree = "<group>"; };
		846EC6D124A0B6AB00FCC771 /* UIColor+Ex.swift */ = {isa = PBXFileReference; lastKnownFileType = sourcecode.swift; path = "UIColor+Ex.swift"; sourceTree = "<group>"; };
		846EC6D324A0BBBE00FCC771 /* UIViewController+Ex.swift */ = {isa = PBXFileReference; lastKnownFileType = sourcecode.swift; path = "UIViewController+Ex.swift"; sourceTree = "<group>"; };
		846EC6D524A1037700FCC771 /* UIImage+Ex.swift */ = {isa = PBXFileReference; lastKnownFileType = sourcecode.swift; path = "UIImage+Ex.swift"; sourceTree = "<group>"; };
		846EC6D724A1072200FCC771 /* FTTitleLabel.swift */ = {isa = PBXFileReference; lastKnownFileType = sourcecode.swift; path = FTTitleLabel.swift; sourceTree = "<group>"; };
		846EC6D924A241C700FCC771 /* FirebaseManager.swift */ = {isa = PBXFileReference; lastKnownFileType = sourcecode.swift; path = FirebaseManager.swift; sourceTree = "<group>"; };
		964E9472F35A2D992925E4A6 /* Pods-FirebaseTutorialTests.debug.xcconfig */ = {isa = PBXFileReference; includeInIndex = 1; lastKnownFileType = text.xcconfig; name = "Pods-FirebaseTutorialTests.debug.xcconfig"; path = "Target Support Files/Pods-FirebaseTutorialTests/Pods-FirebaseTutorialTests.debug.xcconfig"; sourceTree = "<group>"; };
		D6F9CC90673960C1D4C59B2A /* Pods-FirebaseTutorial-FirebaseTutorialUITests.debug.xcconfig */ = {isa = PBXFileReference; includeInIndex = 1; lastKnownFileType = text.xcconfig; name = "Pods-FirebaseTutorial-FirebaseTutorialUITests.debug.xcconfig"; path = "Target Support Files/Pods-FirebaseTutorial-FirebaseTutorialUITests/Pods-FirebaseTutorial-FirebaseTutorialUITests.debug.xcconfig"; sourceTree = "<group>"; };
		EAB52B6B9AD3A3471416285E /* Pods-FirebaseTutorial-FirebaseTutorialUITests.release.xcconfig */ = {isa = PBXFileReference; includeInIndex = 1; lastKnownFileType = text.xcconfig; name = "Pods-FirebaseTutorial-FirebaseTutorialUITests.release.xcconfig"; path = "Target Support Files/Pods-FirebaseTutorial-FirebaseTutorialUITests/Pods-FirebaseTutorial-FirebaseTutorialUITests.release.xcconfig"; sourceTree = "<group>"; };
		EB3346394ABF08E22389E30D /* Pods-FirebaseTutorialTests.release.xcconfig */ = {isa = PBXFileReference; includeInIndex = 1; lastKnownFileType = text.xcconfig; name = "Pods-FirebaseTutorialTests.release.xcconfig"; path = "Target Support Files/Pods-FirebaseTutorialTests/Pods-FirebaseTutorialTests.release.xcconfig"; sourceTree = "<group>"; };
		F411D7372D42804C43C6D2C3 /* Pods-FirebaseTutorial.release.xcconfig */ = {isa = PBXFileReference; includeInIndex = 1; lastKnownFileType = text.xcconfig; name = "Pods-FirebaseTutorial.release.xcconfig"; path = "Target Support Files/Pods-FirebaseTutorial/Pods-FirebaseTutorial.release.xcconfig"; sourceTree = "<group>"; };
		F6ECD317D66FD4C7F1256601 /* Pods_FirebaseTutorialTests.framework */ = {isa = PBXFileReference; explicitFileType = wrapper.framework; includeInIndex = 0; path = Pods_FirebaseTutorialTests.framework; sourceTree = BUILT_PRODUCTS_DIR; };
		FDCBC07EA580839797C2F24C /* Pods_FirebaseTutorial_FirebaseTutorialUITests.framework */ = {isa = PBXFileReference; explicitFileType = wrapper.framework; includeInIndex = 0; path = Pods_FirebaseTutorial_FirebaseTutorialUITests.framework; sourceTree = BUILT_PRODUCTS_DIR; };
/* End PBXFileReference section */

/* Begin PBXFrameworksBuildPhase section */
		840DC028249E66C20077585A /* Frameworks */ = {
			isa = PBXFrameworksBuildPhase;
			buildActionMask = 2147483647;
			files = (
				9A0937D59318548DEEFE5800 /* Pods_FirebaseTutorial.framework in Frameworks */,
			);
			runOnlyForDeploymentPostprocessing = 0;
		};
		840DC03E249E66CA0077585A /* Frameworks */ = {
			isa = PBXFrameworksBuildPhase;
			buildActionMask = 2147483647;
			files = (
				47E351DB44AA18F5FF2013AD /* Pods_FirebaseTutorialTests.framework in Frameworks */,
			);
			runOnlyForDeploymentPostprocessing = 0;
		};
		840DC049249E66CA0077585A /* Frameworks */ = {
			isa = PBXFrameworksBuildPhase;
			buildActionMask = 2147483647;
			files = (
				9EAD4E9EB865A71A7F1F34AC /* Pods_FirebaseTutorial_FirebaseTutorialUITests.framework in Frameworks */,
			);
			runOnlyForDeploymentPostprocessing = 0;
		};
/* End PBXFrameworksBuildPhase section */

/* Begin PBXGroup section */
		166FCCDD5094EE7FC213622C /* Frameworks */ = {
			isa = PBXGroup;
			children = (
				090BE69D1B70D8D76189EB2A /* Pods_FirebaseTutorial.framework */,
				FDCBC07EA580839797C2F24C /* Pods_FirebaseTutorial_FirebaseTutorialUITests.framework */,
				F6ECD317D66FD4C7F1256601 /* Pods_FirebaseTutorialTests.framework */,
			);
			name = Frameworks;
			sourceTree = "<group>";
		};
		840DC022249E66C20077585A = {
			isa = PBXGroup;
			children = (
				840DC02D249E66C20077585A /* FirebaseTutorial */,
				840DC044249E66CA0077585A /* FirebaseTutorialTests */,
				840DC04F249E66CA0077585A /* FirebaseTutorialUITests */,
				840DC02C249E66C20077585A /* Products */,
				DF230E0EE79DDA279516BDE7 /* Pods */,
				166FCCDD5094EE7FC213622C /* Frameworks */,
			);
			sourceTree = "<group>";
		};
		840DC02C249E66C20077585A /* Products */ = {
			isa = PBXGroup;
			children = (
				840DC02B249E66C20077585A /* FirebaseTutorial.app */,
				840DC041249E66CA0077585A /* FirebaseTutorialTests.xctest */,
				840DC04C249E66CA0077585A /* FirebaseTutorialUITests.xctest */,
			);
			name = Products;
			sourceTree = "<group>";
		};
		840DC02D249E66C20077585A /* FirebaseTutorial */ = {
			isa = PBXGroup;
			children = (
				840DC05E249E77100077585A /* GoogleService-Info.plist */,
				840DC03C249E66CA0077585A /* Info.plist */,
				846EC6C8249FBEC100FCC771 /* Controller */,
				846EC6C9249FBF4300FCC771 /* Controls */,
				846EC6D024A0B35500FCC771 /* Extensions */,
				846EC6CA249FBF4C00FCC771 /* Other */,
			);
			path = FirebaseTutorial;
			sourceTree = "<group>";
		};
		840DC044249E66CA0077585A /* FirebaseTutorialTests */ = {
			isa = PBXGroup;
			children = (
				840DC045249E66CA0077585A /* FirebaseTutorialTests.swift */,
				840DC047249E66CA0077585A /* Info.plist */,
			);
			path = FirebaseTutorialTests;
			sourceTree = "<group>";
		};
		840DC04F249E66CA0077585A /* FirebaseTutorialUITests */ = {
			isa = PBXGroup;
			children = (
				840DC050249E66CA0077585A /* FirebaseTutorialUITests.swift */,
				840DC052249E66CA0077585A /* Info.plist */,
			);
			path = FirebaseTutorialUITests;
			sourceTree = "<group>";
		};
		846EC6C8249FBEC100FCC771 /* Controller */ = {
			isa = PBXGroup;
			children = (
				846EC6C6249FBEBE00FCC771 /* FTLandingScreenVC.swift */,
				846EC6C2249FBE9900FCC771 /* FTLoginScreenVC.swift */,
				846EC6C4249FBEAD00FCC771 /* FTSignUpScreenVC.swift */,
			);
			path = Controller;
			sourceTree = "<group>";
		};
		846EC6C9249FBF4300FCC771 /* Controls */ = {
			isa = PBXGroup;
			children = (
				846EC6CC249FBF8500FCC771 /* FTButton.swift */,
				846EC6CE249FBF9E00FCC771 /* FTTextField.swift */,
				846EC6D724A1072200FCC771 /* FTTitleLabel.swift */,
			);
			path = Controls;
			sourceTree = "<group>";
		};
		846EC6CA249FBF4C00FCC771 /* Other */ = {
			isa = PBXGroup;
			children = (
				840DC039249E66CA0077585A /* LaunchScreen.storyboard */,
				840DC02E249E66C20077585A /* AppDelegate.swift */,
				846EC6D924A241C700FCC771 /* FirebaseManager.swift */,
				840DC037249E66CA0077585A /* Assets.xcassets */,
			);
			path = Other;
			sourceTree = "<group>";
		};
		846EC6D024A0B35500FCC771 /* Extensions */ = {
			isa = PBXGroup;
			children = (
				846EC6D124A0B6AB00FCC771 /* UIColor+Ex.swift */,
				846EC6D324A0BBBE00FCC771 /* UIViewController+Ex.swift */,
				846EC6D524A1037700FCC771 /* UIImage+Ex.swift */,
			);
			path = Extensions;
			sourceTree = "<group>";
		};
		DF230E0EE79DDA279516BDE7 /* Pods */ = {
			isa = PBXGroup;
			children = (
				5B32A61BEBFC05C16315CD2F /* Pods-FirebaseTutorial.debug.xcconfig */,
				F411D7372D42804C43C6D2C3 /* Pods-FirebaseTutorial.release.xcconfig */,
				D6F9CC90673960C1D4C59B2A /* Pods-FirebaseTutorial-FirebaseTutorialUITests.debug.xcconfig */,
				EAB52B6B9AD3A3471416285E /* Pods-FirebaseTutorial-FirebaseTutorialUITests.release.xcconfig */,
				964E9472F35A2D992925E4A6 /* Pods-FirebaseTutorialTests.debug.xcconfig */,
				EB3346394ABF08E22389E30D /* Pods-FirebaseTutorialTests.release.xcconfig */,
			);
			path = Pods;
			sourceTree = "<group>";
		};
/* End PBXGroup section */

/* Begin PBXNativeTarget section */
		840DC02A249E66C20077585A /* FirebaseTutorial */ = {
			isa = PBXNativeTarget;
			buildConfigurationList = 840DC055249E66CA0077585A /* Build configuration list for PBXNativeTarget "FirebaseTutorial" */;
			buildPhases = (
				0B09694CE731CFADA2B63008 /* [CP] Check Pods Manifest.lock */,
				840DC027249E66C20077585A /* Sources */,
				840DC028249E66C20077585A /* Frameworks */,
				840DC029249E66C20077585A /* Resources */,
				FFAEABB94766DB65F4C6B93B /* [CP] Embed Pods Frameworks */,
				354DBF38E8FDA2F0F57A2F92 /* [CP] Copy Pods Resources */,
			);
			buildRules = (
			);
			dependencies = (
			);
			name = FirebaseTutorial;
			productName = FirebaseTutorial;
			productReference = 840DC02B249E66C20077585A /* FirebaseTutorial.app */;
			productType = "com.apple.product-type.application";
		};
		840DC040249E66CA0077585A /* FirebaseTutorialTests */ = {
			isa = PBXNativeTarget;
			buildConfigurationList = 840DC058249E66CA0077585A /* Build configuration list for PBXNativeTarget "FirebaseTutorialTests" */;
			buildPhases = (
				9A23A49FECF25F9BF1EF42BA /* [CP] Check Pods Manifest.lock */,
				840DC03D249E66CA0077585A /* Sources */,
				840DC03E249E66CA0077585A /* Frameworks */,
				840DC03F249E66CA0077585A /* Resources */,
			);
			buildRules = (
			);
			dependencies = (
				840DC043249E66CA0077585A /* PBXTargetDependency */,
			);
			name = FirebaseTutorialTests;
			productName = FirebaseTutorialTests;
			productReference = 840DC041249E66CA0077585A /* FirebaseTutorialTests.xctest */;
			productType = "com.apple.product-type.bundle.unit-test";
		};
		840DC04B249E66CA0077585A /* FirebaseTutorialUITests */ = {
			isa = PBXNativeTarget;
			buildConfigurationList = 840DC05B249E66CA0077585A /* Build configuration list for PBXNativeTarget "FirebaseTutorialUITests" */;
			buildPhases = (
				92AC8A59794BCB28FC4D016B /* [CP] Check Pods Manifest.lock */,
				840DC048249E66CA0077585A /* Sources */,
				840DC049249E66CA0077585A /* Frameworks */,
				840DC04A249E66CA0077585A /* Resources */,
				68EE729785E990EF9AB3F42A /* [CP] Embed Pods Frameworks */,
				9FE72FA39CD64BB7507F964B /* [CP] Copy Pods Resources */,
			);
			buildRules = (
			);
			dependencies = (
				840DC04E249E66CA0077585A /* PBXTargetDependency */,
			);
			name = FirebaseTutorialUITests;
			productName = FirebaseTutorialUITests;
			productReference = 840DC04C249E66CA0077585A /* FirebaseTutorialUITests.xctest */;
			productType = "com.apple.product-type.bundle.ui-testing";
		};
/* End PBXNativeTarget section */

/* Begin PBXProject section */
		840DC023249E66C20077585A /* Project object */ = {
			isa = PBXProject;
			attributes = {
				LastSwiftUpdateCheck = 1130;
				LastUpgradeCheck = 1130;
				ORGANIZATIONNAME = "Admin\U0010\U0010";
				TargetAttributes = {
					840DC02A249E66C20077585A = {
						CreatedOnToolsVersion = 11.3;
					};
					840DC040249E66CA0077585A = {
						CreatedOnToolsVersion = 11.3;
						TestTargetID = 840DC02A249E66C20077585A;
					};
					840DC04B249E66CA0077585A = {
						CreatedOnToolsVersion = 11.3;
						TestTargetID = 840DC02A249E66C20077585A;
					};
				};
			};
			buildConfigurationList = 840DC026249E66C20077585A /* Build configuration list for PBXProject "FirebaseTutorial" */;
			compatibilityVersion = "Xcode 9.3";
			developmentRegion = en;
			hasScannedForEncodings = 0;
			knownRegions = (
				en,
				Base,
			);
			mainGroup = 840DC022249E66C20077585A;
			productRefGroup = 840DC02C249E66C20077585A /* Products */;
			projectDirPath = "";
			projectRoot = "";
			targets = (
				840DC02A249E66C20077585A /* FirebaseTutorial */,
				840DC040249E66CA0077585A /* FirebaseTutorialTests */,
				840DC04B249E66CA0077585A /* FirebaseTutorialUITests */,
			);
		};
/* End PBXProject section */

/* Begin PBXResourcesBuildPhase section */
		840DC029249E66C20077585A /* Resources */ = {
			isa = PBXResourcesBuildPhase;
			buildActionMask = 2147483647;
			files = (
				840DC03B249E66CA0077585A /* LaunchScreen.storyboard in Resources */,
				840DC038249E66CA0077585A /* Assets.xcassets in Resources */,
				840DC05F249E77100077585A /* GoogleService-Info.plist in Resources */,
			);
			runOnlyForDeploymentPostprocessing = 0;
		};
		840DC03F249E66CA0077585A /* Resources */ = {
			isa = PBXResourcesBuildPhase;
			buildActionMask = 2147483647;
			files = (
			);
			runOnlyForDeploymentPostprocessing = 0;
		};
		840DC04A249E66CA0077585A /* Resources */ = {
			isa = PBXResourcesBuildPhase;
			buildActionMask = 2147483647;
			files = (
			);
			runOnlyForDeploymentPostprocessing = 0;
		};
/* End PBXResourcesBuildPhase section */

/* Begin PBXShellScriptBuildPhase section */
		0B09694CE731CFADA2B63008 /* [CP] Check Pods Manifest.lock */ = {
			isa = PBXShellScriptBuildPhase;
			buildActionMask = 2147483647;
			files = (
			);
			inputFileListPaths = (
			);
			inputPaths = (
				"${PODS_PODFILE_DIR_PATH}/Podfile.lock",
				"${PODS_ROOT}/Manifest.lock",
			);
			name = "[CP] Check Pods Manifest.lock";
			outputFileListPaths = (
			);
			outputPaths = (
				"$(DERIVED_FILE_DIR)/Pods-FirebaseTutorial-checkManifestLockResult.txt",
			);
			runOnlyForDeploymentPostprocessing = 0;
			shellPath = /bin/sh;
			shellScript = "diff \"${PODS_PODFILE_DIR_PATH}/Podfile.lock\" \"${PODS_ROOT}/Manifest.lock\" > /dev/null\nif [ $? != 0 ] ; then\n    # print error to STDERR\n    echo \"error: The sandbox is not in sync with the Podfile.lock. Run 'pod install' or update your CocoaPods installation.\" >&2\n    exit 1\nfi\n# This output is used by Xcode 'outputs' to avoid re-running this script phase.\necho \"SUCCESS\" > \"${SCRIPT_OUTPUT_FILE_0}\"\n";
			showEnvVarsInLog = 0;
		};
		354DBF38E8FDA2F0F57A2F92 /* [CP] Copy Pods Resources */ = {
			isa = PBXShellScriptBuildPhase;
			buildActionMask = 2147483647;
			files = (
			);
			inputFileListPaths = (
				"${PODS_ROOT}/Target Support Files/Pods-FirebaseTutorial/Pods-FirebaseTutorial-resources-${CONFIGURATION}-input-files.xcfilelist",
			);
			name = "[CP] Copy Pods Resources";
			outputFileListPaths = (
				"${PODS_ROOT}/Target Support Files/Pods-FirebaseTutorial/Pods-FirebaseTutorial-resources-${CONFIGURATION}-output-files.xcfilelist",
			);
			runOnlyForDeploymentPostprocessing = 0;
			shellPath = /bin/sh;
			shellScript = "\"${PODS_ROOT}/Target Support Files/Pods-FirebaseTutorial/Pods-FirebaseTutorial-resources.sh\"\n";
			showEnvVarsInLog = 0;
		};
		68EE729785E990EF9AB3F42A /* [CP] Embed Pods Frameworks */ = {
			isa = PBXShellScriptBuildPhase;
			buildActionMask = 2147483647;
			files = (
			);
			inputFileListPaths = (
				"${PODS_ROOT}/Target Support Files/Pods-FirebaseTutorial-FirebaseTutorialUITests/Pods-FirebaseTutorial-FirebaseTutorialUITests-frameworks-${CONFIGURATION}-input-files.xcfilelist",
			);
			name = "[CP] Embed Pods Frameworks";
			outputFileListPaths = (
				"${PODS_ROOT}/Target Support Files/Pods-FirebaseTutorial-FirebaseTutorialUITests/Pods-FirebaseTutorial-FirebaseTutorialUITests-frameworks-${CONFIGURATION}-output-files.xcfilelist",
			);
			runOnlyForDeploymentPostprocessing = 0;
			shellPath = /bin/sh;
			shellScript = "\"${PODS_ROOT}/Target Support Files/Pods-FirebaseTutorial-FirebaseTutorialUITests/Pods-FirebaseTutorial-FirebaseTutorialUITests-frameworks.sh\"\n";
			showEnvVarsInLog = 0;
		};
		92AC8A59794BCB28FC4D016B /* [CP] Check Pods Manifest.lock */ = {
			isa = PBXShellScriptBuildPhase;
			buildActionMask = 2147483647;
			files = (
			);
			inputFileListPaths = (
			);
			inputPaths = (
				"${PODS_PODFILE_DIR_PATH}/Podfile.lock",
				"${PODS_ROOT}/Manifest.lock",
			);
			name = "[CP] Check Pods Manifest.lock";
			outputFileListPaths = (
			);
			outputPaths = (
				"$(DERIVED_FILE_DIR)/Pods-FirebaseTutorial-FirebaseTutorialUITests-checkManifestLockResult.txt",
			);
			runOnlyForDeploymentPostprocessing = 0;
			shellPath = /bin/sh;
			shellScript = "diff \"${PODS_PODFILE_DIR_PATH}/Podfile.lock\" \"${PODS_ROOT}/Manifest.lock\" > /dev/null\nif [ $? != 0 ] ; then\n    # print error to STDERR\n    echo \"error: The sandbox is not in sync with the Podfile.lock. Run 'pod install' or update your CocoaPods installation.\" >&2\n    exit 1\nfi\n# This output is used by Xcode 'outputs' to avoid re-running this script phase.\necho \"SUCCESS\" > \"${SCRIPT_OUTPUT_FILE_0}\"\n";
			showEnvVarsInLog = 0;
		};
		9A23A49FECF25F9BF1EF42BA /* [CP] Check Pods Manifest.lock */ = {
			isa = PBXShellScriptBuildPhase;
			buildActionMask = 2147483647;
			files = (
			);
			inputFileListPaths = (
			);
			inputPaths = (
				"${PODS_PODFILE_DIR_PATH}/Podfile.lock",
				"${PODS_ROOT}/Manifest.lock",
			);
			name = "[CP] Check Pods Manifest.lock";
			outputFileListPaths = (
			);
			outputPaths = (
				"$(DERIVED_FILE_DIR)/Pods-FirebaseTutorialTests-checkManifestLockResult.txt",
			);
			runOnlyForDeploymentPostprocessing = 0;
			shellPath = /bin/sh;
			shellScript = "diff \"${PODS_PODFILE_DIR_PATH}/Podfile.lock\" \"${PODS_ROOT}/Manifest.lock\" > /dev/null\nif [ $? != 0 ] ; then\n    # print error to STDERR\n    echo \"error: The sandbox is not in sync with the Podfile.lock. Run 'pod install' or update your CocoaPods installation.\" >&2\n    exit 1\nfi\n# This output is used by Xcode 'outputs' to avoid re-running this script phase.\necho \"SUCCESS\" > \"${SCRIPT_OUTPUT_FILE_0}\"\n";
			showEnvVarsInLog = 0;
		};
		9FE72FA39CD64BB7507F964B /* [CP] Copy Pods Resources */ = {
			isa = PBXShellScriptBuildPhase;
			buildActionMask = 2147483647;
			files = (
			);
			inputFileListPaths = (
				"${PODS_ROOT}/Target Support Files/Pods-FirebaseTutorial-FirebaseTutorialUITests/Pods-FirebaseTutorial-FirebaseTutorialUITests-resources-${CONFIGURATION}-input-files.xcfilelist",
			);
			name = "[CP] Copy Pods Resources";
			outputFileListPaths = (
				"${PODS_ROOT}/Target Support Files/Pods-FirebaseTutorial-FirebaseTutorialUITests/Pods-FirebaseTutorial-FirebaseTutorialUITests-resources-${CONFIGURATION}-output-files.xcfilelist",
			);
			runOnlyForDeploymentPostprocessing = 0;
			shellPath = /bin/sh;
			shellScript = "\"${PODS_ROOT}/Target Support Files/Pods-FirebaseTutorial-FirebaseTutorialUITests/Pods-FirebaseTutorial-FirebaseTutorialUITests-resources.sh\"\n";
			showEnvVarsInLog = 0;
		};
		FFAEABB94766DB65F4C6B93B /* [CP] Embed Pods Frameworks */ = {
			isa = PBXShellScriptBuildPhase;
			buildActionMask = 2147483647;
			files = (
			);
			inputFileListPaths = (
				"${PODS_ROOT}/Target Support Files/Pods-FirebaseTutorial/Pods-FirebaseTutorial-frameworks-${CONFIGURATION}-input-files.xcfilelist",
			);
			name = "[CP] Embed Pods Frameworks";
			outputFileListPaths = (
				"${PODS_ROOT}/Target Support Files/Pods-FirebaseTutorial/Pods-FirebaseTutorial-frameworks-${CONFIGURATION}-output-files.xcfilelist",
			);
			runOnlyForDeploymentPostprocessing = 0;
			shellPath = /bin/sh;
			shellScript = "\"${PODS_ROOT}/Target Support Files/Pods-FirebaseTutorial/Pods-FirebaseTutorial-frameworks.sh\"\n";
			showEnvVarsInLog = 0;
		};
/* End PBXShellScriptBuildPhase section */

/* Begin PBXSourcesBuildPhase section */
		840DC027249E66C20077585A /* Sources */ = {
			isa = PBXSourcesBuildPhase;
			buildActionMask = 2147483647;
			files = (
				846EC6CD249FBF8500FCC771 /* FTButton.swift in Sources */,
				846EC6CF249FBF9E00FCC771 /* FTTextField.swift in Sources */,
				846EC6D424A0BBBE00FCC771 /* UIViewController+Ex.swift in Sources */,
				846EC6D224A0B6AB00FCC771 /* UIColor+Ex.swift in Sources */,
				846EC6DA24A241C700FCC771 /* FirebaseManager.swift in Sources */,
				846EC6D624A1037700FCC771 /* UIImage+Ex.swift in Sources */,
				846EC6C3249FBE9900FCC771 /* FTLoginScreenVC.swift in Sources */,
				846EC6C7249FBEBE00FCC771 /* FTLandingScreenVC.swift in Sources */,
				846EC6C5249FBEAD00FCC771 /* FTSignUpScreenVC.swift in Sources */,
				840DC02F249E66C20077585A /* AppDelegate.swift in Sources */,
				846EC6D824A1072200FCC771 /* FTTitleLabel.swift in Sources */,
			);
			runOnlyForDeploymentPostprocessing = 0;
		};
		840DC03D249E66CA0077585A /* Sources */ = {
			isa = PBXSourcesBuildPhase;
			buildActionMask = 2147483647;
			files = (
				840DC046249E66CA0077585A /* FirebaseTutorialTests.swift in Sources */,
			);
			runOnlyForDeploymentPostprocessing = 0;
		};
		840DC048249E66CA0077585A /* Sources */ = {
			isa = PBXSourcesBuildPhase;
			buildActionMask = 2147483647;
			files = (
				840DC051249E66CA0077585A /* FirebaseTutorialUITests.swift in Sources */,
			);
			runOnlyForDeploymentPostprocessing = 0;
		};
/* End PBXSourcesBuildPhase section */

/* Begin PBXTargetDependency section */
		840DC043249E66CA0077585A /* PBXTargetDependency */ = {
			isa = PBXTargetDependency;
			target = 840DC02A249E66C20077585A /* FirebaseTutorial */;
			targetProxy = 840DC042249E66CA0077585A /* PBXContainerItemProxy */;
		};
		840DC04E249E66CA0077585A /* PBXTargetDependency */ = {
			isa = PBXTargetDependency;
			target = 840DC02A249E66C20077585A /* FirebaseTutorial */;
			targetProxy = 840DC04D249E66CA0077585A /* PBXContainerItemProxy */;
		};
/* End PBXTargetDependency section */

/* Begin PBXVariantGroup section */
		840DC039249E66CA0077585A /* LaunchScreen.storyboard */ = {
			isa = PBXVariantGroup;
			children = (
				840DC03A249E66CA0077585A /* Base */,
			);
			name = LaunchScreen.storyboard;
			sourceTree = "<group>";
		};
/* End PBXVariantGroup section */

/* Begin XCBuildConfiguration section */
		840DC053249E66CA0077585A /* Debug */ = {
			isa = XCBuildConfiguration;
			buildSettings = {
				ALWAYS_SEARCH_USER_PATHS = NO;
				CLANG_ANALYZER_NONNULL = YES;
				CLANG_ANALYZER_NUMBER_OBJECT_CONVERSION = YES_AGGRESSIVE;
				CLANG_CXX_LANGUAGE_STANDARD = "gnu++14";
				CLANG_CXX_LIBRARY = "libc++";
				CLANG_ENABLE_MODULES = YES;
				CLANG_ENABLE_OBJC_ARC = YES;
				CLANG_ENABLE_OBJC_WEAK = YES;
				CLANG_WARN_BLOCK_CAPTURE_AUTORELEASING = YES;
				CLANG_WARN_BOOL_CONVERSION = YES;
				CLANG_WARN_COMMA = YES;
				CLANG_WARN_CONSTANT_CONVERSION = YES;
				CLANG_WARN_DEPRECATED_OBJC_IMPLEMENTATIONS = YES;
				CLANG_WARN_DIRECT_OBJC_ISA_USAGE = YES_ERROR;
				CLANG_WARN_DOCUMENTATION_COMMENTS = YES;
				CLANG_WARN_EMPTY_BODY = YES;
				CLANG_WARN_ENUM_CONVERSION = YES;
				CLANG_WARN_INFINITE_RECURSION = YES;
				CLANG_WARN_INT_CONVERSION = YES;
				CLANG_WARN_NON_LITERAL_NULL_CONVERSION = YES;
				CLANG_WARN_OBJC_IMPLICIT_RETAIN_SELF = YES;
				CLANG_WARN_OBJC_LITERAL_CONVERSION = YES;
				CLANG_WARN_OBJC_ROOT_CLASS = YES_ERROR;
				CLANG_WARN_RANGE_LOOP_ANALYSIS = YES;
				CLANG_WARN_STRICT_PROTOTYPES = YES;
				CLANG_WARN_SUSPICIOUS_MOVE = YES;
				CLANG_WARN_UNGUARDED_AVAILABILITY = YES_AGGRESSIVE;
				CLANG_WARN_UNREACHABLE_CODE = YES;
				CLANG_WARN__DUPLICATE_METHOD_MATCH = YES;
				COPY_PHASE_STRIP = NO;
				DEBUG_INFORMATION_FORMAT = dwarf;
				ENABLE_STRICT_OBJC_MSGSEND = YES;
				ENABLE_TESTABILITY = YES;
				GCC_C_LANGUAGE_STANDARD = gnu11;
				GCC_DYNAMIC_NO_PIC = NO;
				GCC_NO_COMMON_BLOCKS = YES;
				GCC_OPTIMIZATION_LEVEL = 0;
				GCC_PREPROCESSOR_DEFINITIONS = (
					"DEBUG=1",
					"$(inherited)",
				);
				GCC_WARN_64_TO_32_BIT_CONVERSION = YES;
				GCC_WARN_ABOUT_RETURN_TYPE = YES_ERROR;
				GCC_WARN_UNDECLARED_SELECTOR = YES;
				GCC_WARN_UNINITIALIZED_AUTOS = YES_AGGRESSIVE;
				GCC_WARN_UNUSED_FUNCTION = YES;
				GCC_WARN_UNUSED_VARIABLE = YES;
				IPHONEOS_DEPLOYMENT_TARGET = 13.2;
				MTL_ENABLE_DEBUG_INFO = INCLUDE_SOURCE;
				MTL_FAST_MATH = YES;
				ONLY_ACTIVE_ARCH = YES;
				SDKROOT = iphoneos;
				SWIFT_ACTIVE_COMPILATION_CONDITIONS = DEBUG;
				SWIFT_OPTIMIZATION_LEVEL = "-Onone";
			};
			name = Debug;
		};
		840DC054249E66CA0077585A /* Release */ = {
			isa = XCBuildConfiguration;
			buildSettings = {
				ALWAYS_SEARCH_USER_PATHS = NO;
				CLANG_ANALYZER_NONNULL = YES;
				CLANG_ANALYZER_NUMBER_OBJECT_CONVERSION = YES_AGGRESSIVE;
				CLANG_CXX_LANGUAGE_STANDARD = "gnu++14";
				CLANG_CXX_LIBRARY = "libc++";
				CLANG_ENABLE_MODULES = YES;
				CLANG_ENABLE_OBJC_ARC = YES;
				CLANG_ENABLE_OBJC_WEAK = YES;
				CLANG_WARN_BLOCK_CAPTURE_AUTORELEASING = YES;
				CLANG_WARN_BOOL_CONVERSION = YES;
				CLANG_WARN_COMMA = YES;
				CLANG_WARN_CONSTANT_CONVERSION = YES;
				CLANG_WARN_DEPRECATED_OBJC_IMPLEMENTATIONS = YES;
				CLANG_WARN_DIRECT_OBJC_ISA_USAGE = YES_ERROR;
				CLANG_WARN_DOCUMENTATION_COMMENTS = YES;
				CLANG_WARN_EMPTY_BODY = YES;
				CLANG_WARN_ENUM_CONVERSION = YES;
				CLANG_WARN_INFINITE_RECURSION = YES;
				CLANG_WARN_INT_CONVERSION = YES;
				CLANG_WARN_NON_LITERAL_NULL_CONVERSION = YES;
				CLANG_WARN_OBJC_IMPLICIT_RETAIN_SELF = YES;
				CLANG_WARN_OBJC_LITERAL_CONVERSION = YES;
				CLANG_WARN_OBJC_ROOT_CLASS = YES_ERROR;
				CLANG_WARN_RANGE_LOOP_ANALYSIS = YES;
				CLANG_WARN_STRICT_PROTOTYPES = YES;
				CLANG_WARN_SUSPICIOUS_MOVE = YES;
				CLANG_WARN_UNGUARDED_AVAILABILITY = YES_AGGRESSIVE;
				CLANG_WARN_UNREACHABLE_CODE = YES;
				CLANG_WARN__DUPLICATE_METHOD_MATCH = YES;
				COPY_PHASE_STRIP = NO;
				DEBUG_INFORMATION_FORMAT = "dwarf-with-dsym";
				ENABLE_NS_ASSERTIONS = NO;
				ENABLE_STRICT_OBJC_MSGSEND = YES;
				GCC_C_LANGUAGE_STANDARD = gnu11;
				GCC_NO_COMMON_BLOCKS = YES;
				GCC_WARN_64_TO_32_BIT_CONVERSION = YES;
				GCC_WARN_ABOUT_RETURN_TYPE = YES_ERROR;
				GCC_WARN_UNDECLARED_SELECTOR = YES;
				GCC_WARN_UNINITIALIZED_AUTOS = YES_AGGRESSIVE;
				GCC_WARN_UNUSED_FUNCTION = YES;
				GCC_WARN_UNUSED_VARIABLE = YES;
				IPHONEOS_DEPLOYMENT_TARGET = 13.2;
				MTL_ENABLE_DEBUG_INFO = NO;
				MTL_FAST_MATH = YES;
				SDKROOT = iphoneos;
				SWIFT_COMPILATION_MODE = wholemodule;
				SWIFT_OPTIMIZATION_LEVEL = "-O";
				VALIDATE_PRODUCT = YES;
			};
			name = Release;
		};
		840DC056249E66CA0077585A /* Debug */ = {
			isa = XCBuildConfiguration;
			baseConfigurationReference = 5B32A61BEBFC05C16315CD2F /* Pods-FirebaseTutorial.debug.xcconfig */;
			buildSettings = {
				ASSETCATALOG_COMPILER_APPICON_NAME = AppIcon;
				CODE_SIGN_STYLE = Automatic;
				DEVELOPMENT_TEAM = HWKB54QJ7K;
				INFOPLIST_FILE = FirebaseTutorial/Info.plist;
				LD_RUNPATH_SEARCH_PATHS = (
					"$(inherited)",
					"@executable_path/Frameworks",
				);
				PRODUCT_BUNDLE_IDENTIFIER = com.kuricyna.FirebaseTutorial;
				PRODUCT_NAME = "$(TARGET_NAME)";
				SWIFT_VERSION = 5.0;
				TARGETED_DEVICE_FAMILY = "1,2";
			};
			name = Debug;
		};
		840DC057249E66CA0077585A /* Release */ = {
			isa = XCBuildConfiguration;
			baseConfigurationReference = F411D7372D42804C43C6D2C3 /* Pods-FirebaseTutorial.release.xcconfig */;
			buildSettings = {
				ASSETCATALOG_COMPILER_APPICON_NAME = AppIcon;
				CODE_SIGN_STYLE = Automatic;
				DEVELOPMENT_TEAM = HWKB54QJ7K;
				INFOPLIST_FILE = FirebaseTutorial/Info.plist;
				LD_RUNPATH_SEARCH_PATHS = (
					"$(inherited)",
					"@executable_path/Frameworks",
				);
				PRODUCT_BUNDLE_IDENTIFIER = com.kuricyna.FirebaseTutorial;
				PRODUCT_NAME = "$(TARGET_NAME)";
				SWIFT_VERSION = 5.0;
				TARGETED_DEVICE_FAMILY = "1,2";
			};
			name = Release;
		};
		840DC059249E66CA0077585A /* Debug */ = {
			isa = XCBuildConfiguration;
			baseConfigurationReference = 964E9472F35A2D992925E4A6 /* Pods-FirebaseTutorialTests.debug.xcconfig */;
			buildSettings = {
				ALWAYS_EMBED_SWIFT_STANDARD_LIBRARIES = YES;
				BUNDLE_LOADER = "$(TEST_HOST)";
				CODE_SIGN_STYLE = Automatic;
				DEVELOPMENT_TEAM = HWKB54QJ7K;
				INFOPLIST_FILE = FirebaseTutorialTests/Info.plist;
				IPHONEOS_DEPLOYMENT_TARGET = 13.2;
				LD_RUNPATH_SEARCH_PATHS = (
					"$(inherited)",
					"@executable_path/Frameworks",
					"@loader_path/Frameworks",
				);
				PRODUCT_BUNDLE_IDENTIFIER = com.kuricyna.FirebaseTutorialTests;
				PRODUCT_NAME = "$(TARGET_NAME)";
				SWIFT_VERSION = 5.0;
				TARGETED_DEVICE_FAMILY = "1,2";
				TEST_HOST = "$(BUILT_PRODUCTS_DIR)/FirebaseTutorial.app/FirebaseTutorial";
			};
			name = Debug;
		};
		840DC05A249E66CA0077585A /* Release */ = {
			isa = XCBuildConfiguration;
			baseConfigurationReference = EB3346394ABF08E22389E30D /* Pods-FirebaseTutorialTests.release.xcconfig */;
			buildSettings = {
				ALWAYS_EMBED_SWIFT_STANDARD_LIBRARIES = YES;
				BUNDLE_LOADER = "$(TEST_HOST)";
				CODE_SIGN_STYLE = Automatic;
				DEVELOPMENT_TEAM = HWKB54QJ7K;
				INFOPLIST_FILE = FirebaseTutorialTests/Info.plist;
				IPHONEOS_DEPLOYMENT_TARGET = 13.2;
				LD_RUNPATH_SEARCH_PATHS = (
					"$(inherited)",
					"@executable_path/Frameworks",
					"@loader_path/Frameworks",
				);
				PRODUCT_BUNDLE_IDENTIFIER = com.kuricyna.FirebaseTutorialTests;
				PRODUCT_NAME = "$(TARGET_NAME)";
				SWIFT_VERSION = 5.0;
				TARGETED_DEVICE_FAMILY = "1,2";
				TEST_HOST = "$(BUILT_PRODUCTS_DIR)/FirebaseTutorial.app/FirebaseTutorial";
			};
			name = Release;
		};
		840DC05C249E66CA0077585A /* Debug */ = {
			isa = XCBuildConfiguration;
			baseConfigurationReference = D6F9CC90673960C1D4C59B2A /* Pods-FirebaseTutorial-FirebaseTutorialUITests.debug.xcconfig */;
			buildSettings = {
				ALWAYS_EMBED_SWIFT_STANDARD_LIBRARIES = YES;
				CODE_SIGN_STYLE = Automatic;
				DEVELOPMENT_TEAM = HWKB54QJ7K;
				INFOPLIST_FILE = FirebaseTutorialUITests/Info.plist;
				LD_RUNPATH_SEARCH_PATHS = (
					"$(inherited)",
					"@executable_path/Frameworks",
					"@loader_path/Frameworks",
				);
				PRODUCT_BUNDLE_IDENTIFIER = com.kuricyna.FirebaseTutorialUITests;
				PRODUCT_NAME = "$(TARGET_NAME)";
				SWIFT_VERSION = 5.0;
				TARGETED_DEVICE_FAMILY = "1,2";
				TEST_TARGET_NAME = FirebaseTutorial;
			};
			name = Debug;
		};
		840DC05D249E66CA0077585A /* Release */ = {
			isa = XCBuildConfiguration;
			baseConfigurationReference = EAB52B6B9AD3A3471416285E /* Pods-FirebaseTutorial-FirebaseTutorialUITests.release.xcconfig */;
			buildSettings = {
				ALWAYS_EMBED_SWIFT_STANDARD_LIBRARIES = YES;
				CODE_SIGN_STYLE = Automatic;
				DEVELOPMENT_TEAM = HWKB54QJ7K;
				INFOPLIST_FILE = FirebaseTutorialUITests/Info.plist;
				LD_RUNPATH_SEARCH_PATHS = (
					"$(inherited)",
					"@executable_path/Frameworks",
					"@loader_path/Frameworks",
				);
				PRODUCT_BUNDLE_IDENTIFIER = com.kuricyna.FirebaseTutorialUITests;
				PRODUCT_NAME = "$(TARGET_NAME)";
				SWIFT_VERSION = 5.0;
				TARGETED_DEVICE_FAMILY = "1,2";
				TEST_TARGET_NAME = FirebaseTutorial;
			};
			name = Release;
		};
/* End XCBuildConfiguration section */

/* Begin XCConfigurationList section */
		840DC026249E66C20077585A /* Build configuration list for PBXProject "FirebaseTutorial" */ = {
			isa = XCConfigurationList;
			buildConfigurations = (
				840DC053249E66CA0077585A /* Debug */,
				840DC054249E66CA0077585A /* Release */,
			);
			defaultConfigurationIsVisible = 0;
			defaultConfigurationName = Release;
		};
		840DC055249E66CA0077585A /* Build configuration list for PBXNativeTarget "FirebaseTutorial" */ = {
			isa = XCConfigurationList;
			buildConfigurations = (
				840DC056249E66CA0077585A /* Debug */,
				840DC057249E66CA0077585A /* Release */,
			);
			defaultConfigurationIsVisible = 0;
			defaultConfigurationName = Release;
		};
		840DC058249E66CA0077585A /* Build configuration list for PBXNativeTarget "FirebaseTutorialTests" */ = {
			isa = XCConfigurationList;
			buildConfigurations = (
				840DC059249E66CA0077585A /* Debug */,
				840DC05A249E66CA0077585A /* Release */,
			);
			defaultConfigurationIsVisible = 0;
			defaultConfigurationName = Release;
		};
		840DC05B249E66CA0077585A /* Build configuration list for PBXNativeTarget "FirebaseTutorialUITests" */ = {
			isa = XCConfigurationList;
			buildConfigurations = (
				840DC05C249E66CA0077585A /* Debug */,
				840DC05D249E66CA0077585A /* Release */,
			);
			defaultConfigurationIsVisible = 0;
			defaultConfigurationName = Release;
		};
/* End XCConfigurationList section */
	};
	rootObject = 840DC023249E66C20077585A /* Project object */;
}
